
Microsoft Visual Studio Solution File, Format Version 12.00
Project("{2150E333-8FDC-42A3-9474-1A3956D46DE8}") = "backend", "backend", "{8314E998-BE33-4B68-972E-A7F5D3FB809B}"
EndProject
Project("{2150E333-8FDC-42A3-9474-1A3956D46DE8}") = "services", "services", "{95A5412E-26AB-4FCA-8E0C-115130007DAA}"
EndProject
Project("{2150E333-8FDC-42A3-9474-1A3956D46DE8}") = "web", "web", "{278D7811-452B-4EC1-AADE-90157250C558}"
EndProject
Project("{2150E333-8FDC-42A3-9474-1A3956D46DE8}") = "database", "database", "{5C8EA806-6C35-4DFC-B8D2-E5605EF500D8}"
EndProject
Project("{FAE04EC0-301F-11D3-BF4B-00C04F79EFBC}") = "Conexion", "backend\database\Conexion\Conexion.csproj", "{595F88D7-F223-437E-8CDF-A986A2F409DF}"
EndProject
Project("{FAE04EC0-301F-11D3-BF4B-00C04F79EFBC}") = "Modelos", "backend\database\Modelos\Modelos.csproj", "{9F7D27EE-6892-47B8-BF3C-7F24CDDCE662}"
EndProject
Project("{FAE04EC0-301F-11D3-BF4B-00C04F79EFBC}") = "GatewayService", "services\GatewayService\GatewayService.csproj", "{98E7CE27-16E5-4F01-87D5-CF4B81D5E56B}"
EndProject
Project("{FAE04EC0-301F-11D3-BF4B-00C04F79EFBC}") = "SampleService", "services\SampleService\SampleService.csproj", "{45C604A1-98D4-40E0-B62E-733E89375972}"
EndProject
Project("{2150E333-8FDC-42A3-9474-1A3956D46DE8}") = "comisiones", "comisiones", "{2F319D4D-7B4D-4E56-B2CF-EC8F933CA15D}"
EndProject
Project("{2150E333-8FDC-42A3-9474-1A3956D46DE8}") = "catalogos", "catalogos", "{64FDD5BD-3EF8-4571-B9A6-9885BB03367C}"
EndProject
Project("{2150E333-8FDC-42A3-9474-1A3956D46DE8}") = "usuarios", "usuarios", "{272ADAF3-D053-42DE-84E6-905592ED5AA1}"
EndProject
Project("{2150E333-8FDC-42A3-9474-1A3956D46DE8}") = "bandejas", "bandejas", "{A77A40E2-7290-4171-886D-922878433866}"
EndProject
Project("{2150E333-8FDC-42A3-9474-1A3956D46DE8}") = "reportes", "reportes", "{E4D66806-A7D0-430D-999F-6D67E635A7FF}"
EndProject
Project("{2150E333-8FDC-42A3-9474-1A3956D46DE8}") = "eventos", "eventos", "{7745CB44-AE02-478D-B11F-BCE23FA63A67}"
EndProject
Project("{FAE04EC0-301F-11D3-BF4B-00C04F79EFBC}") = "AgendaWeb", "web\AgendaWeb\AgendaWeb.csproj", "{100FE9F7-1C20-4A88-9423-A766F35239E6}"
EndProject
Project("{FAE04EC0-301F-11D3-BF4B-00C04F79EFBC}") = "BandejasDatos", "backend\bandejas\BandejasDatos\BandejasDatos.csproj", "{2DB26364-5EB7-4B67-9A90-44135E68F9BB}"
EndProject
Project("{FAE04EC0-301F-11D3-BF4B-00C04F79EFBC}") = "BandejasNegocio", "backend\bandejas\BandejasNegocio\BandejasNegocio.csproj", "{DFBFB97F-8381-42E5-9777-25B7726A09FD}"
EndProject
Project("{FAE04EC0-301F-11D3-BF4B-00C04F79EFBC}") = "CatalogosDatos", "backend\catalogos\CatalogosDatos\CatalogosDatos.csproj", "{4B2C17E2-1AD7-40F1-9253-BCEAAC9697EF}"
EndProject
Project("{FAE04EC0-301F-11D3-BF4B-00C04F79EFBC}") = "CatalogosNegocio", "backend\catalogos\CatalogosNegocio\CatalogosNegocio.csproj", "{1A0DB1B1-D86F-4716-861C-76B29C46BA7F}"
EndProject
Project("{FAE04EC0-301F-11D3-BF4B-00C04F79EFBC}") = "ComisionesDatos", "backend\comisiones\ComisionesDatos\ComisionesDatos.csproj", "{C3BE637E-438B-4A6E-8204-9925538D528C}"
EndProject
Project("{FAE04EC0-301F-11D3-BF4B-00C04F79EFBC}") = "ComisionesNegocio", "backend\comisiones\ComisionesNegocio\ComisionesNegocio.csproj", "{69FE4F9D-1A7B-4E22-81E5-12E0A6C38D2C}"
EndProject
Project("{FAE04EC0-301F-11D3-BF4B-00C04F79EFBC}") = "EventosDatos", "backend\eventos\EventosDatos\EventosDatos.csproj", "{DE55036F-F8C8-40A9-97CD-C86A2EC04C56}"
EndProject
Project("{FAE04EC0-301F-11D3-BF4B-00C04F79EFBC}") = "EventosNegocio", "backend\eventos\EventosNegocio\EventosNegocio.csproj", "{81BF3212-86F1-49BC-AEFB-4283F5A9F77C}"
EndProject
Project("{FAE04EC0-301F-11D3-BF4B-00C04F79EFBC}") = "ReportesDatos", "backend\reportes\ReportesDatos\ReportesDatos.csproj", "{27333558-46E5-44D3-82DF-4D5107C2590D}"
EndProject
Project("{FAE04EC0-301F-11D3-BF4B-00C04F79EFBC}") = "ReportesNegocio", "backend\reportes\ReportesNegocio\ReportesNegocio.csproj", "{D5893C3D-3A42-4D55-B34B-71DA8AE6951A}"
EndProject
Project("{FAE04EC0-301F-11D3-BF4B-00C04F79EFBC}") = "UsuariosDatos", "backend\usuarios\UsuariosDatos\UsuariosDatos.csproj", "{EE8B1824-3258-41B8-9A56-DADC1146CC1F}"
EndProject
Project("{FAE04EC0-301F-11D3-BF4B-00C04F79EFBC}") = "UsuariosNegocio", "backend\usuarios\UsuariosNegocio\UsuariosNegocio.csproj", "{AAE8CBD5-0630-4BF7-9045-9F3F28202DC4}"
EndProject
Project("{2150E333-8FDC-42A3-9474-1A3956D46DE8}") = "logger", "logger", "{6EEDDECA-EABE-43D3-A053-8FC22E33FAD6}"
EndProject
Project("{FAE04EC0-301F-11D3-BF4B-00C04F79EFBC}") = "LoggerDatos", "backend\logger\LoggerDatos\LoggerDatos.csproj", "{9914B95C-F372-48EC-9D80-A4C5DBB96D7A}"
EndProject
Project("{FAE04EC0-301F-11D3-BF4B-00C04F79EFBC}") = "LoggerNegocio", "backend\logger\LoggerNegocio\LoggerNegocio.csproj", "{86C43828-DC6D-4A7C-BD9A-A73A36A18C2B}"
EndProject
Project("{FAE04EC0-301F-11D3-BF4B-00C04F79EFBC}") = "CatalogosService", "services\CatalogosService\CatalogosService.csproj", "{DB8C4145-6F36-4D87-B65D-A0FDA99D5524}"
EndProject
Project("{FAE04EC0-301F-11D3-BF4B-00C04F79EFBC}") = "UsuariosService", "services\UsuariosService\UsuariosService.csproj", "{9D4A06CA-EDFE-4F2D-893C-B78D19029837}"
EndProject
Project("{FAE04EC0-301F-11D3-BF4B-00C04F79EFBC}") = "ComisionesService", "services\ComisionesService\ComisionesService.csproj", "{0FC322C1-C1E8-4146-A72E-106309CC3ECA}"
EndProject
Project("{FAE04EC0-301F-11D3-BF4B-00C04F79EFBC}") = "EventosService", "services\EventosService\EventosService.csproj", "{A0434B0B-91DD-42C2-8407-E53F52F771B4}"
EndProject
Project("{FAE04EC0-301F-11D3-BF4B-00C04F79EFBC}") = "NotificacionesService", "services\NotificacionesService\NotificacionesService.csproj", "{8174720E-BC59-4E60-A6E4-0894A9FB7EE6}"
EndProject
Project("{FAE04EC0-301F-11D3-BF4B-00C04F79EFBC}") = "BandejasService", "services\BandejasService\BandejasService.csproj", "{63B2B667-D860-42ED-A132-E3B2DC4ACB6F}"
EndProject
Project("{FAE04EC0-301F-11D3-BF4B-00C04F79EFBC}") = "LoggerService", "services\LoggerService\LoggerService.csproj", "{7041EC17-ABD5-44A7-AA29-BF477BC8F1A6}"
EndProject
Project("{FAE04EC0-301F-11D3-BF4B-00C04F79EFBC}") = "ReportesService", "services\ReportesService\ReportesService.csproj", "{5884A2AC-1BD6-4A23-BBF2-CF19D67CED1A}"
EndProject
Global
	GlobalSection(SolutionConfigurationPlatforms) = preSolution
		Debug|Any CPU = Debug|Any CPU
		Release|Any CPU = Release|Any CPU
	EndGlobalSection
	GlobalSection(NestedProjects) = preSolution
		{5C8EA806-6C35-4DFC-B8D2-E5605EF500D8} = {8314E998-BE33-4B68-972E-A7F5D3FB809B}
		{595F88D7-F223-437E-8CDF-A986A2F409DF} = {5C8EA806-6C35-4DFC-B8D2-E5605EF500D8}
		{9F7D27EE-6892-47B8-BF3C-7F24CDDCE662} = {5C8EA806-6C35-4DFC-B8D2-E5605EF500D8}
		{98E7CE27-16E5-4F01-87D5-CF4B81D5E56B} = {95A5412E-26AB-4FCA-8E0C-115130007DAA}
		{45C604A1-98D4-40E0-B62E-733E89375972} = {95A5412E-26AB-4FCA-8E0C-115130007DAA}
		{2F319D4D-7B4D-4E56-B2CF-EC8F933CA15D} = {8314E998-BE33-4B68-972E-A7F5D3FB809B}
		{64FDD5BD-3EF8-4571-B9A6-9885BB03367C} = {8314E998-BE33-4B68-972E-A7F5D3FB809B}
		{272ADAF3-D053-42DE-84E6-905592ED5AA1} = {8314E998-BE33-4B68-972E-A7F5D3FB809B}
		{A77A40E2-7290-4171-886D-922878433866} = {8314E998-BE33-4B68-972E-A7F5D3FB809B}
		{E4D66806-A7D0-430D-999F-6D67E635A7FF} = {8314E998-BE33-4B68-972E-A7F5D3FB809B}
		{7745CB44-AE02-478D-B11F-BCE23FA63A67} = {8314E998-BE33-4B68-972E-A7F5D3FB809B}
		{100FE9F7-1C20-4A88-9423-A766F35239E6} = {278D7811-452B-4EC1-AADE-90157250C558}
		{2DB26364-5EB7-4B67-9A90-44135E68F9BB} = {A77A40E2-7290-4171-886D-922878433866}
		{DFBFB97F-8381-42E5-9777-25B7726A09FD} = {A77A40E2-7290-4171-886D-922878433866}
		{4B2C17E2-1AD7-40F1-9253-BCEAAC9697EF} = {64FDD5BD-3EF8-4571-B9A6-9885BB03367C}
		{1A0DB1B1-D86F-4716-861C-76B29C46BA7F} = {64FDD5BD-3EF8-4571-B9A6-9885BB03367C}
		{C3BE637E-438B-4A6E-8204-9925538D528C} = {2F319D4D-7B4D-4E56-B2CF-EC8F933CA15D}
		{69FE4F9D-1A7B-4E22-81E5-12E0A6C38D2C} = {2F319D4D-7B4D-4E56-B2CF-EC8F933CA15D}
		{DE55036F-F8C8-40A9-97CD-C86A2EC04C56} = {7745CB44-AE02-478D-B11F-BCE23FA63A67}
		{81BF3212-86F1-49BC-AEFB-4283F5A9F77C} = {7745CB44-AE02-478D-B11F-BCE23FA63A67}
		{27333558-46E5-44D3-82DF-4D5107C2590D} = {E4D66806-A7D0-430D-999F-6D67E635A7FF}
		{D5893C3D-3A42-4D55-B34B-71DA8AE6951A} = {E4D66806-A7D0-430D-999F-6D67E635A7FF}
		{EE8B1824-3258-41B8-9A56-DADC1146CC1F} = {272ADAF3-D053-42DE-84E6-905592ED5AA1}
		{AAE8CBD5-0630-4BF7-9045-9F3F28202DC4} = {272ADAF3-D053-42DE-84E6-905592ED5AA1}
		{6EEDDECA-EABE-43D3-A053-8FC22E33FAD6} = {8314E998-BE33-4B68-972E-A7F5D3FB809B}
		{9914B95C-F372-48EC-9D80-A4C5DBB96D7A} = {6EEDDECA-EABE-43D3-A053-8FC22E33FAD6}
		{86C43828-DC6D-4A7C-BD9A-A73A36A18C2B} = {6EEDDECA-EABE-43D3-A053-8FC22E33FAD6}
		{DB8C4145-6F36-4D87-B65D-A0FDA99D5524} = {95A5412E-26AB-4FCA-8E0C-115130007DAA}
		{9D4A06CA-EDFE-4F2D-893C-B78D19029837} = {95A5412E-26AB-4FCA-8E0C-115130007DAA}
		{0FC322C1-C1E8-4146-A72E-106309CC3ECA} = {95A5412E-26AB-4FCA-8E0C-115130007DAA}
		{A0434B0B-91DD-42C2-8407-E53F52F771B4} = {95A5412E-26AB-4FCA-8E0C-115130007DAA}
		{8174720E-BC59-4E60-A6E4-0894A9FB7EE6} = {95A5412E-26AB-4FCA-8E0C-115130007DAA}
		{63B2B667-D860-42ED-A132-E3B2DC4ACB6F} = {95A5412E-26AB-4FCA-8E0C-115130007DAA}
		{7041EC17-ABD5-44A7-AA29-BF477BC8F1A6} = {95A5412E-26AB-4FCA-8E0C-115130007DAA}
		{5884A2AC-1BD6-4A23-BBF2-CF19D67CED1A} = {95A5412E-26AB-4FCA-8E0C-115130007DAA}
	EndGlobalSection
	GlobalSection(ProjectConfigurationPlatforms) = postSolution
		{595F88D7-F223-437E-8CDF-A986A2F409DF}.Debug|Any CPU.ActiveCfg = Debug|Any CPU
		{595F88D7-F223-437E-8CDF-A986A2F409DF}.Debug|Any CPU.Build.0 = Debug|Any CPU
		{595F88D7-F223-437E-8CDF-A986A2F409DF}.Release|Any CPU.ActiveCfg = Release|Any CPU
		{595F88D7-F223-437E-8CDF-A986A2F409DF}.Release|Any CPU.Build.0 = Release|Any CPU
		{9F7D27EE-6892-47B8-BF3C-7F24CDDCE662}.Debug|Any CPU.ActiveCfg = Debug|Any CPU
		{9F7D27EE-6892-47B8-BF3C-7F24CDDCE662}.Debug|Any CPU.Build.0 = Debug|Any CPU
		{9F7D27EE-6892-47B8-BF3C-7F24CDDCE662}.Release|Any CPU.ActiveCfg = Release|Any CPU
		{9F7D27EE-6892-47B8-BF3C-7F24CDDCE662}.Release|Any CPU.Build.0 = Release|Any CPU
		{98E7CE27-16E5-4F01-87D5-CF4B81D5E56B}.Debug|Any CPU.ActiveCfg = Debug|Any CPU
		{98E7CE27-16E5-4F01-87D5-CF4B81D5E56B}.Debug|Any CPU.Build.0 = Debug|Any CPU
		{98E7CE27-16E5-4F01-87D5-CF4B81D5E56B}.Release|Any CPU.ActiveCfg = Release|Any CPU
		{98E7CE27-16E5-4F01-87D5-CF4B81D5E56B}.Release|Any CPU.Build.0 = Release|Any CPU
		{45C604A1-98D4-40E0-B62E-733E89375972}.Debug|Any CPU.ActiveCfg = Debug|Any CPU
		{45C604A1-98D4-40E0-B62E-733E89375972}.Debug|Any CPU.Build.0 = Debug|Any CPU
		{45C604A1-98D4-40E0-B62E-733E89375972}.Release|Any CPU.ActiveCfg = Release|Any CPU
		{45C604A1-98D4-40E0-B62E-733E89375972}.Release|Any CPU.Build.0 = Release|Any CPU
		{100FE9F7-1C20-4A88-9423-A766F35239E6}.Debug|Any CPU.ActiveCfg = Debug|Any CPU
		{100FE9F7-1C20-4A88-9423-A766F35239E6}.Debug|Any CPU.Build.0 = Debug|Any CPU
		{100FE9F7-1C20-4A88-9423-A766F35239E6}.Release|Any CPU.ActiveCfg = Release|Any CPU
		{100FE9F7-1C20-4A88-9423-A766F35239E6}.Release|Any CPU.Build.0 = Release|Any CPU
		{2DB26364-5EB7-4B67-9A90-44135E68F9BB}.Debug|Any CPU.ActiveCfg = Debug|Any CPU
		{2DB26364-5EB7-4B67-9A90-44135E68F9BB}.Debug|Any CPU.Build.0 = Debug|Any CPU
		{2DB26364-5EB7-4B67-9A90-44135E68F9BB}.Release|Any CPU.ActiveCfg = Release|Any CPU
		{2DB26364-5EB7-4B67-9A90-44135E68F9BB}.Release|Any CPU.Build.0 = Release|Any CPU
		{DFBFB97F-8381-42E5-9777-25B7726A09FD}.Debug|Any CPU.ActiveCfg = Debug|Any CPU
		{DFBFB97F-8381-42E5-9777-25B7726A09FD}.Debug|Any CPU.Build.0 = Debug|Any CPU
		{DFBFB97F-8381-42E5-9777-25B7726A09FD}.Release|Any CPU.ActiveCfg = Release|Any CPU
		{DFBFB97F-8381-42E5-9777-25B7726A09FD}.Release|Any CPU.Build.0 = Release|Any CPU
		{4B2C17E2-1AD7-40F1-9253-BCEAAC9697EF}.Debug|Any CPU.ActiveCfg = Debug|Any CPU
		{4B2C17E2-1AD7-40F1-9253-BCEAAC9697EF}.Debug|Any CPU.Build.0 = Debug|Any CPU
		{4B2C17E2-1AD7-40F1-9253-BCEAAC9697EF}.Release|Any CPU.ActiveCfg = Release|Any CPU
		{4B2C17E2-1AD7-40F1-9253-BCEAAC9697EF}.Release|Any CPU.Build.0 = Release|Any CPU
		{1A0DB1B1-D86F-4716-861C-76B29C46BA7F}.Debug|Any CPU.ActiveCfg = Debug|Any CPU
		{1A0DB1B1-D86F-4716-861C-76B29C46BA7F}.Debug|Any CPU.Build.0 = Debug|Any CPU
		{1A0DB1B1-D86F-4716-861C-76B29C46BA7F}.Release|Any CPU.ActiveCfg = Release|Any CPU
		{1A0DB1B1-D86F-4716-861C-76B29C46BA7F}.Release|Any CPU.Build.0 = Release|Any CPU
		{C3BE637E-438B-4A6E-8204-9925538D528C}.Debug|Any CPU.ActiveCfg = Debug|Any CPU
		{C3BE637E-438B-4A6E-8204-9925538D528C}.Debug|Any CPU.Build.0 = Debug|Any CPU
		{C3BE637E-438B-4A6E-8204-9925538D528C}.Release|Any CPU.ActiveCfg = Release|Any CPU
		{C3BE637E-438B-4A6E-8204-9925538D528C}.Release|Any CPU.Build.0 = Release|Any CPU
		{69FE4F9D-1A7B-4E22-81E5-12E0A6C38D2C}.Debug|Any CPU.ActiveCfg = Debug|Any CPU
		{69FE4F9D-1A7B-4E22-81E5-12E0A6C38D2C}.Debug|Any CPU.Build.0 = Debug|Any CPU
		{69FE4F9D-1A7B-4E22-81E5-12E0A6C38D2C}.Release|Any CPU.ActiveCfg = Release|Any CPU
		{69FE4F9D-1A7B-4E22-81E5-12E0A6C38D2C}.Release|Any CPU.Build.0 = Release|Any CPU
		{DE55036F-F8C8-40A9-97CD-C86A2EC04C56}.Debug|Any CPU.ActiveCfg = Debug|Any CPU
		{DE55036F-F8C8-40A9-97CD-C86A2EC04C56}.Debug|Any CPU.Build.0 = Debug|Any CPU
		{DE55036F-F8C8-40A9-97CD-C86A2EC04C56}.Release|Any CPU.ActiveCfg = Release|Any CPU
		{DE55036F-F8C8-40A9-97CD-C86A2EC04C56}.Release|Any CPU.Build.0 = Release|Any CPU
		{81BF3212-86F1-49BC-AEFB-4283F5A9F77C}.Debug|Any CPU.ActiveCfg = Debug|Any CPU
		{81BF3212-86F1-49BC-AEFB-4283F5A9F77C}.Debug|Any CPU.Build.0 = Debug|Any CPU
		{81BF3212-86F1-49BC-AEFB-4283F5A9F77C}.Release|Any CPU.ActiveCfg = Release|Any CPU
		{81BF3212-86F1-49BC-AEFB-4283F5A9F77C}.Release|Any CPU.Build.0 = Release|Any CPU
		{27333558-46E5-44D3-82DF-4D5107C2590D}.Debug|Any CPU.ActiveCfg = Debug|Any CPU
		{27333558-46E5-44D3-82DF-4D5107C2590D}.Debug|Any CPU.Build.0 = Debug|Any CPU
		{27333558-46E5-44D3-82DF-4D5107C2590D}.Release|Any CPU.ActiveCfg = Release|Any CPU
		{27333558-46E5-44D3-82DF-4D5107C2590D}.Release|Any CPU.Build.0 = Release|Any CPU
		{D5893C3D-3A42-4D55-B34B-71DA8AE6951A}.Debug|Any CPU.ActiveCfg = Debug|Any CPU
		{D5893C3D-3A42-4D55-B34B-71DA8AE6951A}.Debug|Any CPU.Build.0 = Debug|Any CPU
		{D5893C3D-3A42-4D55-B34B-71DA8AE6951A}.Release|Any CPU.ActiveCfg = Release|Any CPU
		{D5893C3D-3A42-4D55-B34B-71DA8AE6951A}.Release|Any CPU.Build.0 = Release|Any CPU
		{EE8B1824-3258-41B8-9A56-DADC1146CC1F}.Debug|Any CPU.ActiveCfg = Debug|Any CPU
		{EE8B1824-3258-41B8-9A56-DADC1146CC1F}.Debug|Any CPU.Build.0 = Debug|Any CPU
		{EE8B1824-3258-41B8-9A56-DADC1146CC1F}.Release|Any CPU.ActiveCfg = Release|Any CPU
		{EE8B1824-3258-41B8-9A56-DADC1146CC1F}.Release|Any CPU.Build.0 = Release|Any CPU
		{AAE8CBD5-0630-4BF7-9045-9F3F28202DC4}.Debug|Any CPU.ActiveCfg = Debug|Any CPU
		{AAE8CBD5-0630-4BF7-9045-9F3F28202DC4}.Debug|Any CPU.Build.0 = Debug|Any CPU
		{AAE8CBD5-0630-4BF7-9045-9F3F28202DC4}.Release|Any CPU.ActiveCfg = Release|Any CPU
		{AAE8CBD5-0630-4BF7-9045-9F3F28202DC4}.Release|Any CPU.Build.0 = Release|Any CPU
		{9914B95C-F372-48EC-9D80-A4C5DBB96D7A}.Debug|Any CPU.ActiveCfg = Debug|Any CPU
		{9914B95C-F372-48EC-9D80-A4C5DBB96D7A}.Debug|Any CPU.Build.0 = Debug|Any CPU
		{9914B95C-F372-48EC-9D80-A4C5DBB96D7A}.Release|Any CPU.ActiveCfg = Release|Any CPU
		{9914B95C-F372-48EC-9D80-A4C5DBB96D7A}.Release|Any CPU.Build.0 = Release|Any CPU
		{86C43828-DC6D-4A7C-BD9A-A73A36A18C2B}.Debug|Any CPU.ActiveCfg = Debug|Any CPU
		{86C43828-DC6D-4A7C-BD9A-A73A36A18C2B}.Debug|Any CPU.Build.0 = Debug|Any CPU
		{86C43828-DC6D-4A7C-BD9A-A73A36A18C2B}.Release|Any CPU.ActiveCfg = Release|Any CPU
		{86C43828-DC6D-4A7C-BD9A-A73A36A18C2B}.Release|Any CPU.Build.0 = Release|Any CPU
		{DB8C4145-6F36-4D87-B65D-A0FDA99D5524}.Debug|Any CPU.ActiveCfg = Debug|Any CPU
		{DB8C4145-6F36-4D87-B65D-A0FDA99D5524}.Debug|Any CPU.Build.0 = Debug|Any CPU
		{DB8C4145-6F36-4D87-B65D-A0FDA99D5524}.Release|Any CPU.ActiveCfg = Release|Any CPU
		{DB8C4145-6F36-4D87-B65D-A0FDA99D5524}.Release|Any CPU.Build.0 = Release|Any CPU
		{9D4A06CA-EDFE-4F2D-893C-B78D19029837}.Debug|Any CPU.ActiveCfg = Debug|Any CPU
		{9D4A06CA-EDFE-4F2D-893C-B78D19029837}.Debug|Any CPU.Build.0 = Debug|Any CPU
		{9D4A06CA-EDFE-4F2D-893C-B78D19029837}.Release|Any CPU.ActiveCfg = Release|Any CPU
		{9D4A06CA-EDFE-4F2D-893C-B78D19029837}.Release|Any CPU.Build.0 = Release|Any CPU
		{0FC322C1-C1E8-4146-A72E-106309CC3ECA}.Debug|Any CPU.ActiveCfg = Debug|Any CPU
		{0FC322C1-C1E8-4146-A72E-106309CC3ECA}.Debug|Any CPU.Build.0 = Debug|Any CPU
		{0FC322C1-C1E8-4146-A72E-106309CC3ECA}.Release|Any CPU.ActiveCfg = Release|Any CPU
		{0FC322C1-C1E8-4146-A72E-106309CC3ECA}.Release|Any CPU.Build.0 = Release|Any CPU
		{A0434B0B-91DD-42C2-8407-E53F52F771B4}.Debug|Any CPU.ActiveCfg = Debug|Any CPU
		{A0434B0B-91DD-42C2-8407-E53F52F771B4}.Debug|Any CPU.Build.0 = Debug|Any CPU
		{A0434B0B-91DD-42C2-8407-E53F52F771B4}.Release|Any CPU.ActiveCfg = Release|Any CPU
		{A0434B0B-91DD-42C2-8407-E53F52F771B4}.Release|Any CPU.Build.0 = Release|Any CPU
		{8174720E-BC59-4E60-A6E4-0894A9FB7EE6}.Debug|Any CPU.ActiveCfg = Debug|Any CPU
		{8174720E-BC59-4E60-A6E4-0894A9FB7EE6}.Debug|Any CPU.Build.0 = Debug|Any CPU
		{8174720E-BC59-4E60-A6E4-0894A9FB7EE6}.Release|Any CPU.ActiveCfg = Release|Any CPU
		{8174720E-BC59-4E60-A6E4-0894A9FB7EE6}.Release|Any CPU.Build.0 = Release|Any CPU
		{63B2B667-D860-42ED-A132-E3B2DC4ACB6F}.Debug|Any CPU.ActiveCfg = Debug|Any CPU
		{63B2B667-D860-42ED-A132-E3B2DC4ACB6F}.Debug|Any CPU.Build.0 = Debug|Any CPU
		{63B2B667-D860-42ED-A132-E3B2DC4ACB6F}.Release|Any CPU.ActiveCfg = Release|Any CPU
		{63B2B667-D860-42ED-A132-E3B2DC4ACB6F}.Release|Any CPU.Build.0 = Release|Any CPU
		{7041EC17-ABD5-44A7-AA29-BF477BC8F1A6}.Debug|Any CPU.ActiveCfg = Debug|Any CPU
		{7041EC17-ABD5-44A7-AA29-BF477BC8F1A6}.Debug|Any CPU.Build.0 = Debug|Any CPU
		{7041EC17-ABD5-44A7-AA29-BF477BC8F1A6}.Release|Any CPU.ActiveCfg = Release|Any CPU
		{7041EC17-ABD5-44A7-AA29-BF477BC8F1A6}.Release|Any CPU.Build.0 = Release|Any CPU
		{5884A2AC-1BD6-4A23-BBF2-CF19D67CED1A}.Debug|Any CPU.ActiveCfg = Debug|Any CPU
		{5884A2AC-1BD6-4A23-BBF2-CF19D67CED1A}.Debug|Any CPU.Build.0 = Debug|Any CPU
		{5884A2AC-1BD6-4A23-BBF2-CF19D67CED1A}.Release|Any CPU.ActiveCfg = Release|Any CPU
		{5884A2AC-1BD6-4A23-BBF2-CF19D67CED1A}.Release|Any CPU.Build.0 = Release|Any CPU
	EndGlobalSection
EndGlobal
